{
  "name": "@ghasemkiani/graph",
  "version": "1.0.0",
  "lockfileVersion": 2,
  "requires": true,
  "packages": {
    "": {
      "name": "@ghasemkiani/graph",
      "version": "1.0.0",
      "license": "MIT",
      "dependencies": {
        "@ghasemkiani/base": "github:ghasemkiani/base"
      }
    },
    "node_modules/@ghasemkiani/base": {
      "version": "3.3.4",
      "resolved": "git+ssh://git@github.com/ghasemkiani/base.git#408940a70a3831fd7f441878892548b0ad592b27",
      "license": "MIT"
    }
  },
  "dependencies": {
    "@ghasemkiani/base": {
      "version": "git+ssh://git@github.com/ghasemkiani/base.git#408940a70a3831fd7f441878892548b0ad592b27",
      "from": "@ghasemkiani/base@github:ghasemkiani/base"
    }
  }
}
